
Microsoft Visual Studio Solution File, Format Version 12.00
# Visual Studio Version 17
VisualStudioVersion = 17.13.35931.197 d17.13
MinimumVisualStudioVersion = 10.0.40219.1
Project("{FAE04EC0-301F-11D3-BF4B-00C04F79EFBC}") = "The_first_project _in_class_1", "The_first_project _in_class_1\The_first_project _in_class_1.csproj", "{0B94199F-B9DB-46C3-953D-83D4211DAAF8}"
EndProject
Global
	GlobalSection(SolutionConfigurationPlatforms) = preSolution
		Debug|Any CPU = Debug|Any CPU
		Release|Any CPU = Release|Any CPU
	EndGlobalSection
	GlobalSection(ProjectConfigurationPlatforms) = postSolution
		{0B94199F-B9DB-46C3-953D-83D4211DAAF8}.Debug|Any CPU.ActiveCfg = Debug|Any CPU
		{0B94199F-B9DB-46C3-953D-83D4211DAAF8}.Debug|Any CPU.Build.0 = Debug|Any CPU
		{0B94199F-B9DB-46C3-953D-83D4211DAAF8}.Release|Any CPU.ActiveCfg = Release|Any CPU
		{0B94199F-B9DB-46C3-953D-83D4211DAAF8}.Release|Any CPU.Build.0 = Release|Any CPU
	EndGlobalSection
	GlobalSection(SolutionProperties) = preSolution
		HideSolutionNode = FALSE
	EndGlobalSection
	GlobalSection(ExtensibilityGlobals) = postSolution
		SolutionGuid = {77EA3425-8725-4A14-BEFC-D4D155A5759A}
	EndGlobalSection
EndGlobal
